<Solution>
  <Project Path="PeopleApp/PeopleApp.csproj" />
  <Project Path="PeopleLib/PeopleLib.csproj" />
  <Project Path="PeopleTests/PeopleTests.csproj" />
  <Project Path="PolymorphismExample.App/PolymorphismExample.App.csproj" />
  <Project Path="PolymorphismExample.Lib/PolymorphismExample.Lib.csproj" />
</Solution>
